// !$*UTF8*$!
{
	archiveVersion = 1;
	classes = {
	};
	objectVersion = 77;
	objects = {

/* Begin PBXBuildFile section */
		2121E43530176D6C00874814 /* FirebaseAuth in Frameworks */ = {isa = PBXBuildFile; productRef = 2121E43430176D6C00874814 /* FirebaseAuth */; };
		2121E43730176D6C00874814 /* FirebaseFirestore in Frameworks */ = {isa = PBXBuildFile; productRef = 2121E43630176D6C00874814 /* FirebaseFirestore */; };
		2121E43D30176DB800874814 /* AuthRouterView.swift in Sources */ = {isa = PBXBuildFile; fileRef = 2121E43930176DB800874814 /* AuthRouterView.swift */; };
		2121E43E30176DB800874814 /* TodoTasksSyncApp.swift in Sources */ = {isa = PBXBuildFile; fileRef = 2121E43B30176DB800874814 /* TodoTasksSyncApp.swift */; };
		2121E43F30176DB800874814 /* Assets.xcassets in Resources */ = {isa = PBXBuildFile; fileRef = 2121E43830176DB800874814 /* Assets.xcassets */; };
		2121E44030176DB800874814 /* GoogleService-Info.plist in Resources */ = {isa = PBXBuildFile; fileRef = 2121E43A30176DB800874814 /* GoogleService-Info.plist */; };
		2121E44330176DBC00874814 /* TodoTasksSyncTests.swift in Sources */ = {isa = PBXBuildFile; fileRef = 2121E44130176DBC00874814 /* TodoTasksSyncTests.swift */; };
		2121E44730176DBF00874814 /* TodoTasksSyncUITests.swift in Sources */ = {isa = PBXBuildFile; fileRef = 2121E44430176DBF00874814 /* TodoTasksSyncUITests.swift */; };
		2121E44830176DBF00874814 /* TodoTasksSyncUITestsLaunchTests.swift in Sources */ = {isa = PBXBuildFile; fileRef = 2121E44530176DBF00874814 /* TodoTasksSyncUITestsLaunchTests.swift */; };
		2121E498301777CC00874814 /* AuthManager.swift in Sources */ = {isa = PBXBuildFile; fileRef = 2121E497301777CC00874814 /* AuthManager.swift */; };
		21B4C3D33018986900147D09 /* AuthRouter.swift in Sources */ = {isa = PBXBuildFile; fileRef = 21B4C3D23018986900147D09 /* AuthRouter.swift */; };
		21B4C3D630189A5C00147D09 /* MainRouterView.swift in Sources */ = {isa = PBXBuildFile; fileRef = 21B4C3D530189A5C00147D09 /* MainRouterView.swift */; };
		21B4C3D830189C3600147D09 /* WelcomeView.swift in Sources */ = {isa = PBXBuildFile; fileRef = 21B4C3D730189C3600147D09 /* WelcomeView.swift */; };
		21B4C3DA30189DD800147D09 /* SignInView.swift in Sources */ = {isa = PBXBuildFile; fileRef = 21B4C3D930189DD800147D09 /* SignInView.swift */; };
		21B4C3DC30189DE100147D09 /* SignUpView.swift in Sources */ = {isa = PBXBuildFile; fileRef = 21B4C3DB30189DE100147D09 /* SignUpView.swift */; };
		21B4C3DE30189E0000147D09 /* PrivacyPolicy.swift in Sources */ = {isa = PBXBuildFile; fileRef = 21B4C3DD30189E0000147D09 /* PrivacyPolicy.swift */; };
		21B4C3E03018C33600147D09 /* Localizable.xcstrings in Resources */ = {isa = PBXBuildFile; fileRef = 21B4C3DF3018C33600147D09 /* Localizable.xcstrings */; };
		21B4C3E23018C48D00147D09 /* String+Localized.swift in Sources */ = {isa = PBXBuildFile; fileRef = 21B4C3E13018C48D00147D09 /* String+Localized.swift */; };
		21B4C4343019E68E00147D09 /* Asset.swift in Sources */ = {isa = PBXBuildFile; fileRef = 21B4C4333019E68E00147D09 /* Asset.swift */; };
		21B4C4363019F0E700147D09 /* AppButton.swift in Sources */ = {isa = PBXBuildFile; fileRef = 21B4C4353019F0E700147D09 /* AppButton.swift */; };
		21B4C487301A1CB400147D09 /* AppTextField.swift in Sources */ = {isa = PBXBuildFile; fileRef = 21B4C486301A1CB400147D09 /* AppTextField.swift */; };
		21B4C527301CAF9800147D09 /* LoadingDotsView.swift in Sources */ = {isa = PBXBuildFile; fileRef = 21B4C526301CAF9800147D09 /* LoadingDotsView.swift */; };
/* End PBXBuildFile section */

/* Begin PBXContainerItemProxy section */
		2121E4093017483700874814 /* PBXContainerItemProxy */ = {
			isa = PBXContainerItemProxy;
			containerPortal = 2121E3F33017483600874814 /* Project object */;
			proxyType = 1;
			remoteGlobalIDString = 2121E3FA3017483600874814;
			remoteInfo = TodoTasksSync;
		};
		2121E4133017483700874814 /* PBXContainerItemProxy */ = {
			isa = PBXContainerItemProxy;
			containerPortal = 2121E3F33017483600874814 /* Project object */;
			proxyType = 1;
			remoteGlobalIDString = 2121E3FA3017483600874814;
			remoteInfo = TodoTasksSync;
		};
/* End PBXContainerItemProxy section */

/* Begin PBXFileReference section */
		2121E3FB3017483600874814 /* TodoTasksSync.app */ = {isa = PBXFileReference; explicitFileType = wrapper.application; includeInIndex = 0; path = TodoTasksSync.app; sourceTree = BUILT_PRODUCTS_DIR; };
		2121E4083017483700874814 /* TodoTasksSyncTests.xctest */ = {isa = PBXFileReference; explicitFileType = wrapper.cfbundle; includeInIndex = 0; path = TodoTasksSyncTests.xctest; sourceTree = BUILT_PRODUCTS_DIR; };
		2121E4123017483700874814 /* TodoTasksSyncUITests.xctest */ = {isa = PBXFileReference; explicitFileType = wrapper.cfbundle; includeInIndex = 0; path = TodoTasksSyncUITests.xctest; sourceTree = BUILT_PRODUCTS_DIR; };
		2121E43830176DB800874814 /* Assets.xcassets */ = {isa = PBXFileReference; lastKnownFileType = folder.assetcatalog; path = Assets.xcassets; sourceTree = "<group>"; };
		2121E43930176DB800874814 /* AuthRouterView.swift */ = {isa = PBXFileReference; lastKnownFileType = sourcecode.swift; path = AuthRouterView.swift; sourceTree = "<group>"; };
		2121E43A30176DB800874814 /* GoogleService-Info.plist */ = {isa = PBXFileReference; lastKnownFileType = text.plist.xml; path = "GoogleService-Info.plist"; sourceTree = "<group>"; };
		2121E43B30176DB800874814 /* TodoTasksSyncApp.swift */ = {isa = PBXFileReference; lastKnownFileType = sourcecode.swift; path = TodoTasksSyncApp.swift; sourceTree = "<group>"; };
		2121E44130176DBC00874814 /* TodoTasksSyncTests.swift */ = {isa = PBXFileReference; lastKnownFileType = sourcecode.swift; path = TodoTasksSyncTests.swift; sourceTree = "<group>"; };
		2121E44430176DBF00874814 /* TodoTasksSyncUITests.swift */ = {isa = PBXFileReference; lastKnownFileType = sourcecode.swift; path = TodoTasksSyncUITests.swift; sourceTree = "<group>"; };
		2121E44530176DBF00874814 /* TodoTasksSyncUITestsLaunchTests.swift */ = {isa = PBXFileReference; lastKnownFileType = sourcecode.swift; path = TodoTasksSyncUITestsLaunchTests.swift; sourceTree = "<group>"; };
		2121E497301777CC00874814 /* AuthManager.swift */ = {isa = PBXFileReference; lastKnownFileType = sourcecode.swift; path = AuthManager.swift; sourceTree = "<group>"; };
		21B4C3D23018986900147D09 /* AuthRouter.swift */ = {isa = PBXFileReference; lastKnownFileType = sourcecode.swift; path = AuthRouter.swift; sourceTree = "<group>"; };
		21B4C3D530189A5C00147D09 /* MainRouterView.swift */ = {isa = PBXFileReference; lastKnownFileType = sourcecode.swift; path = MainRouterView.swift; sourceTree = "<group>"; };
		21B4C3D730189C3600147D09 /* WelcomeView.swift */ = {isa = PBXFileReference; lastKnownFileType = sourcecode.swift; path = WelcomeView.swift; sourceTree = "<group>"; };
		21B4C3D930189DD800147D09 /* SignInView.swift */ = {isa = PBXFileReference; lastKnownFileType = sourcecode.swift; path = SignInView.swift; sourceTree = "<group>"; };
		21B4C3DB30189DE100147D09 /* SignUpView.swift */ = {isa = PBXFileReference; lastKnownFileType = sourcecode.swift; path = SignUpView.swift; sourceTree = "<group>"; };
		21B4C3DD30189E0000147D09 /* PrivacyPolicy.swift */ = {isa = PBXFileReference; lastKnownFileType = sourcecode.swift; path = PrivacyPolicy.swift; sourceTree = "<group>"; };
		21B4C3DF3018C33600147D09 /* Localizable.xcstrings */ = {isa = PBXFileReference; lastKnownFileType = text.json.xcstrings; path = Localizable.xcstrings; sourceTree = "<group>"; };
		21B4C3E13018C48D00147D09 /* String+Localized.swift */ = {isa = PBXFileReference; lastKnownFileType = sourcecode.swift; path = "String+Localized.swift"; sourceTree = "<group>"; };
		21B4C4333019E68E00147D09 /* Asset.swift */ = {isa = PBXFileReference; lastKnownFileType = sourcecode.swift; path = Asset.swift; sourceTree = "<group>"; };
		21B4C4353019F0E700147D09 /* AppButton.swift */ = {isa = PBXFileReference; lastKnownFileType = sourcecode.swift; path = AppButton.swift; sourceTree = "<group>"; };
		21B4C486301A1CB400147D09 /* AppTextField.swift */ = {isa = PBXFileReference; lastKnownFileType = sourcecode.swift; path = AppTextField.swift; sourceTree = "<group>"; };
		21B4C526301CAF9800147D09 /* LoadingDotsView.swift */ = {isa = PBXFileReference; lastKnownFileType = sourcecode.swift; path = LoadingDotsView.swift; sourceTree = "<group>"; };
/* End PBXFileReference section */

/* Begin PBXFrameworksBuildPhase section */
		2121E3F83017483600874814 /* Frameworks */ = {
			isa = PBXFrameworksBuildPhase;
			buildActionMask = 2147483647;
			files = (
				2121E43530176D6C00874814 /* FirebaseAuth in Frameworks */,
				2121E43730176D6C00874814 /* FirebaseFirestore in Frameworks */,
			);
			runOnlyForDeploymentPostprocessing = 0;
		};
		2121E4053017483700874814 /* Frameworks */ = {
			isa = PBXFrameworksBuildPhase;
			buildActionMask = 2147483647;
			files = (
			);
			runOnlyForDeploymentPostprocessing = 0;
		};
		2121E40F3017483700874814 /* Frameworks */ = {
			isa = PBXFrameworksBuildPhase;
			buildActionMask = 2147483647;
			files = (
			);
			runOnlyForDeploymentPostprocessing = 0;
		};
/* End PBXFrameworksBuildPhase section */

/* Begin PBXGroup section */
		2121E3F23017483600874814 = {
			isa = PBXGroup;
			children = (
				2121E43C30176DB800874814 /* TodoTasksSync */,
				2121E44230176DBC00874814 /* TodoTasksSyncTests */,
				2121E44630176DBF00874814 /* TodoTasksSyncUITests */,
				2121E3FC3017483600874814 /* Products */,
			);
			sourceTree = "<group>";
		};
		2121E3FC3017483600874814 /* Products */ = {
			isa = PBXGroup;
			children = (
				2121E3FB3017483600874814 /* TodoTasksSync.app */,
				2121E4083017483700874814 /* TodoTasksSyncTests.xctest */,
				2121E4123017483700874814 /* TodoTasksSyncUITests.xctest */,
			);
			name = Products;
			sourceTree = "<group>";
		};
		2121E43C30176DB800874814 /* TodoTasksSync */ = {
			isa = PBXGroup;
			children = (
				21B4C3823018929C00147D09 /* App */,
				21B4C3D13018985700147D09 /* Router */,
				21B4C3813018928500147D09 /* Auth */,
				21B4C3D430189A4800147D09 /* Main */,
				21B4C4313019E61100147D09 /* Common */,
				21B4C4323019E62F00147D09 /* Resources */,
				2121E43A30176DB800874814 /* GoogleService-Info.plist */,
				21B4C3DF3018C33600147D09 /* Localizable.xcstrings */,
				21B4C3E13018C48D00147D09 /* String+Localized.swift */,
			);
			path = TodoTasksSync;
			sourceTree = "<group>";
		};
		2121E44230176DBC00874814 /* TodoTasksSyncTests */ = {
			isa = PBXGroup;
			children = (
				2121E44130176DBC00874814 /* TodoTasksSyncTests.swift */,
			);
			path = TodoTasksSyncTests;
			sourceTree = "<group>";
		};
		2121E44630176DBF00874814 /* TodoTasksSyncUITests */ = {
			isa = PBXGroup;
			children = (
				2121E44430176DBF00874814 /* TodoTasksSyncUITests.swift */,
				2121E44530176DBF00874814 /* TodoTasksSyncUITestsLaunchTests.swift */,
			);
			path = TodoTasksSyncUITests;
			sourceTree = "<group>";
		};
		21B4C3813018928500147D09 /* Auth */ = {
			isa = PBXGroup;
			children = (
				2121E43930176DB800874814 /* AuthRouterView.swift */,
				21B4C3D730189C3600147D09 /* WelcomeView.swift */,
				21B4C3D930189DD800147D09 /* SignInView.swift */,
				21B4C3DB30189DE100147D09 /* SignUpView.swift */,
				21B4C3DD30189E0000147D09 /* PrivacyPolicy.swift */,
			);
			path = Auth;
			sourceTree = "<group>";
		};
		21B4C3823018929C00147D09 /* App */ = {
			isa = PBXGroup;
			children = (
				2121E43B30176DB800874814 /* TodoTasksSyncApp.swift */,
			);
			path = App;
			sourceTree = "<group>";
		};
		21B4C3D13018985700147D09 /* Router */ = {
			isa = PBXGroup;
			children = (
				21B4C3D23018986900147D09 /* AuthRouter.swift */,
				2121E497301777CC00874814 /* AuthManager.swift */,
			);
			path = Router;
			sourceTree = "<group>";
		};
		21B4C3D430189A4800147D09 /* Main */ = {
			isa = PBXGroup;
			children = (
				21B4C3D530189A5C00147D09 /* MainRouterView.swift */,
			);
			path = Main;
			sourceTree = "<group>";
		};
		21B4C4313019E61100147D09 /* Common */ = {
			isa = PBXGroup;
			children = (
				21B4C485301A1C5F00147D09 /* Components */,
				21B4C4333019E68E00147D09 /* Asset.swift */,
			);
			path = Common;
			sourceTree = "<group>";
		};
		21B4C4323019E62F00147D09 /* Resources */ = {
			isa = PBXGroup;
			children = (
				2121E43830176DB800874814 /* Assets.xcassets */,
			);
			path = Resources;
			sourceTree = "<group>";
		};
		21B4C485301A1C5F00147D09 /* Components */ = {
			isa = PBXGroup;
			children = (
				21B4C4353019F0E700147D09 /* AppButton.swift */,
				21B4C486301A1CB400147D09 /* AppTextField.swift */,
				21B4C526301CAF9800147D09 /* LoadingDotsView.swift */,
			);
			path = Components;
			sourceTree = "<group>";
		};
/* End PBXGroup section */

/* Begin PBXNativeTarget section */
		2121E3FA3017483600874814 /* TodoTasksSync */ = {
			isa = PBXNativeTarget;
			buildConfigurationList = 2121E41C3017483700874814 /* Build configuration list for PBXNativeTarget "TodoTasksSync" */;
			buildPhases = (
				2121E3F73017483600874814 /* Sources */,
				2121E3F83017483600874814 /* Frameworks */,
				2121E3F93017483600874814 /* Resources */,
			);
			buildRules = (
			);
			dependencies = (
			);
			name = TodoTasksSync;
			packageProductDependencies = (
				2121E43430176D6C00874814 /* FirebaseAuth */,
				2121E43630176D6C00874814 /* FirebaseFirestore */,
			);
			productName = TodoTasksSync;
			productReference = 2121E3FB3017483600874814 /* TodoTasksSync.app */;
			productType = "com.apple.product-type.application";
		};
		2121E4073017483700874814 /* TodoTasksSyncTests */ = {
			isa = PBXNativeTarget;
			buildConfigurationList = 2121E41F3017483700874814 /* Build configuration list for PBXNativeTarget "TodoTasksSyncTests" */;
			buildPhases = (
				2121E4043017483700874814 /* Sources */,
				2121E4053017483700874814 /* Frameworks */,
				2121E4063017483700874814 /* Resources */,
			);
			buildRules = (
			);
			dependencies = (
				2121E40A3017483700874814 /* PBXTargetDependency */,
			);
			name = TodoTasksSyncTests;
			packageProductDependencies = (
			);
			productName = TodoTasksSyncTests;
			productReference = 2121E4083017483700874814 /* TodoTasksSyncTests.xctest */;
			productType = "com.apple.product-type.bundle.unit-test";
		};
		2121E4113017483700874814 /* TodoTasksSyncUITests */ = {
			isa = PBXNativeTarget;
			buildConfigurationList = 2121E4223017483700874814 /* Build configuration list for PBXNativeTarget "TodoTasksSyncUITests" */;
			buildPhases = (
				2121E40E3017483700874814 /* Sources */,
				2121E40F3017483700874814 /* Frameworks */,
				2121E4103017483700874814 /* Resources */,
			);
			buildRules = (
			);
			dependencies = (
				2121E4143017483700874814 /* PBXTargetDependency */,
			);
			name = TodoTasksSyncUITests;
			packageProductDependencies = (
			);
			productName = TodoTasksSyncUITests;
			productReference = 2121E4123017483700874814 /* TodoTasksSyncUITests.xctest */;
			productType = "com.apple.product-type.bundle.ui-testing";
		};
/* End PBXNativeTarget section */

/* Begin PBXProject section */
		2121E3F33017483600874814 /* Project object */ = {
			isa = PBXProject;
			attributes = {
				BuildIndependentTargetsInParallel = 1;
				LastSwiftUpdateCheck = 2660;
				LastUpgradeCheck = 2660;
				TargetAttributes = {
					2121E3FA3017483600874814 = {
						CreatedOnToolsVersion = 26.6;
					};
					2121E4073017483700874814 = {
						CreatedOnToolsVersion = 26.6;
						TestTargetID = 2121E3FA3017483600874814;
					};
					2121E4113017483700874814 = {
						CreatedOnToolsVersion = 26.6;
						TestTargetID = 2121E3FA3017483600874814;
					};
				};
			};
			buildConfigurationList = 2121E3F63017483600874814 /* Build configuration list for PBXProject "TodoTasksSync" */;
			developmentRegion = en;
			hasScannedForEncodings = 0;
			knownRegions = (
				en,
				Base,
				ru,
			);
			mainGroup = 2121E3F23017483600874814;
			minimizedProjectReferenceProxies = 1;
			packageReferences = (
				2121E43330176D6C00874814 /* XCRemoteSwiftPackageReference "firebase-ios-sdk" */,
			);
			preferredProjectObjectVersion = 77;
			productRefGroup = 2121E3FC3017483600874814 /* Products */;
			projectDirPath = "";
			projectRoot = "";
			targets = (
				2121E3FA3017483600874814 /* TodoTasksSync */,
				2121E4073017483700874814 /* TodoTasksSyncTests */,
				2121E4113017483700874814 /* TodoTasksSyncUITests */,
			);
		};
/* End PBXProject section */

/* Begin PBXResourcesBuildPhase section */
		2121E3F93017483600874814 /* Resources */ = {
			isa = PBXResourcesBuildPhase;
			buildActionMask = 2147483647;
			files = (
				2121E43F30176DB800874814 /* Assets.xcassets in Resources */,
				2121E44030176DB800874814 /* GoogleService-Info.plist in Resources */,
				21B4C3E03018C33600147D09 /* Localizable.xcstrings in Resources */,
			);
			runOnlyForDeploymentPostprocessing = 0;
		};
		2121E4063017483700874814 /* Resources */ = {
			isa = PBXResourcesBuildPhase;
			buildActionMask = 2147483647;
			files = (
			);
			runOnlyForDeploymentPostprocessing = 0;
		};
		2121E4103017483700874814 /* Resources */ = {
			isa = PBXResourcesBuildPhase;
			buildActionMask = 2147483647;
			files = (
			);
			runOnlyForDeploymentPostprocessing = 0;
		};
/* End PBXResourcesBuildPhase section */

/* Begin PBXSourcesBuildPhase section */
		2121E3F73017483600874814 /* Sources */ = {
			isa = PBXSourcesBuildPhase;
			buildActionMask = 2147483647;
			files = (
				2121E43D30176DB800874814 /* AuthRouterView.swift in Sources */,
				21B4C4363019F0E700147D09 /* AppButton.swift in Sources */,
				21B4C3DE30189E0000147D09 /* PrivacyPolicy.swift in Sources */,
				21B4C3DA30189DD800147D09 /* SignInView.swift in Sources */,
				21B4C487301A1CB400147D09 /* AppTextField.swift in Sources */,
				21B4C4343019E68E00147D09 /* Asset.swift in Sources */,
				21B4C3D830189C3600147D09 /* WelcomeView.swift in Sources */,
				21B4C527301CAF9800147D09 /* LoadingDotsView.swift in Sources */,
				21B4C3E23018C48D00147D09 /* String+Localized.swift in Sources */,
				2121E498301777CC00874814 /* AuthManager.swift in Sources */,
				21B4C3DC30189DE100147D09 /* SignUpView.swift in Sources */,
				21B4C3D630189A5C00147D09 /* MainRouterView.swift in Sources */,
				21B4C3D33018986900147D09 /* AuthRouter.swift in Sources */,
				2121E43E30176DB800874814 /* TodoTasksSyncApp.swift in Sources */,
			);
			runOnlyForDeploymentPostprocessing = 0;
		};
		2121E4043017483700874814 /* Sources */ = {
			isa = PBXSourcesBuildPhase;
			buildActionMask = 2147483647;
			files = (
				2121E44330176DBC00874814 /* TodoTasksSyncTests.swift in Sources */,
			);
			runOnlyForDeploymentPostprocessing = 0;
		};
		2121E40E3017483700874814 /* Sources */ = {
			isa = PBXSourcesBuildPhase;
			buildActionMask = 2147483647;
			files = (
				2121E44730176DBF00874814 /* TodoTasksSyncUITests.swift in Sources */,
				2121E44830176DBF00874814 /* TodoTasksSyncUITestsLaunchTests.swift in Sources */,
			);
			runOnlyForDeploymentPostprocessing = 0;
		};
/* End PBXSourcesBuildPhase section */

/* Begin PBXTargetDependency section */
		2121E40A3017483700874814 /* PBXTargetDependency */ = {
			isa = PBXTargetDependency;
			target = 2121E3FA3017483600874814 /* TodoTasksSync */;
			targetProxy = 2121E4093017483700874814 /* PBXContainerItemProxy */;
		};
		2121E4143017483700874814 /* PBXTargetDependency */ = {
			isa = PBXTargetDependency;
			target = 2121E3FA3017483600874814 /* TodoTasksSync */;
			targetProxy = 2121E4133017483700874814 /* PBXContainerItemProxy */;
		};
/* End PBXTargetDependency section */

/* Begin XCBuildConfiguration section */
		2121E41A3017483700874814 /* Debug */ = {
			isa = XCBuildConfiguration;
			buildSettings = {
				ALWAYS_SEARCH_USER_PATHS = NO;
				ASSETCATALOG_COMPILER_GENERATE_SWIFT_ASSET_SYMBOL_EXTENSIONS = YES;
				CLANG_ANALYZER_NONNULL = YES;
				CLANG_ANALYZER_NUMBER_OBJECT_CONVERSION = YES_AGGRESSIVE;
				CLANG_CXX_LANGUAGE_STANDARD = "gnu++20";
				CLANG_ENABLE_MODULES = YES;
				CLANG_ENABLE_OBJC_ARC = YES;
				CLANG_ENABLE_OBJC_WEAK = YES;
				CLANG_WARN_BLOCK_CAPTURE_AUTORELEASING = YES;
				CLANG_WARN_BOOL_CONVERSION = YES;
				CLANG_WARN_COMMA = YES;
				CLANG_WARN_CONSTANT_CONVERSION = YES;
				CLANG_WARN_DEPRECATED_OBJC_IMPLEMENTATIONS = YES;
				CLANG_WARN_DIRECT_OBJC_ISA_USAGE = YES_ERROR;
				CLANG_WARN_DOCUMENTATION_COMMENTS = YES;
				CLANG_WARN_EMPTY_BODY = YES;
				CLANG_WARN_ENUM_CONVERSION = YES;
				CLANG_WARN_INFINITE_RECURSION = YES;
				CLANG_WARN_INT_CONVERSION = YES;
				CLANG_WARN_NON_LITERAL_NULL_CONVERSION = YES;
				CLANG_WARN_OBJC_IMPLICIT_RETAIN_SELF = YES;
				CLANG_WARN_OBJC_LITERAL_CONVERSION = YES;
				CLANG_WARN_OBJC_ROOT_CLASS = YES_ERROR;
				CLANG_WARN_QUOTED_INCLUDE_IN_FRAMEWORK_HEADER = YES;
				CLANG_WARN_RANGE_LOOP_ANALYSIS = YES;
				CLANG_WARN_STRICT_PROTOTYPES = YES;
				CLANG_WARN_SUSPICIOUS_MOVE = YES;
				CLANG_WARN_UNGUARDED_AVAILABILITY = YES_AGGRESSIVE;
				CLANG_WARN_UNREACHABLE_CODE = YES;
				CLANG_WARN__DUPLICATE_METHOD_MATCH = YES;
				COPY_PHASE_STRIP = NO;
				DEBUG_INFORMATION_FORMAT = dwarf;
				DEVELOPMENT_TEAM = Z56UQ833JW;
				ENABLE_STRICT_OBJC_MSGSEND = YES;
				ENABLE_TESTABILITY = YES;
				ENABLE_USER_SCRIPT_SANDBOXING = YES;
				GCC_C_LANGUAGE_STANDARD = gnu17;
				GCC_DYNAMIC_NO_PIC = NO;
				GCC_NO_COMMON_BLOCKS = YES;
				GCC_OPTIMIZATION_LEVEL = 0;
				GCC_PREPROCESSOR_DEFINITIONS = (
					"DEBUG=1",
					"$(inherited)",
				);
				GCC_WARN_64_TO_32_BIT_CONVERSION = YES;
				GCC_WARN_ABOUT_RETURN_TYPE = YES_ERROR;
				GCC_WARN_UNDECLARED_SELECTOR = YES;
				GCC_WARN_UNINITIALIZED_AUTOS = YES_AGGRESSIVE;
				GCC_WARN_UNUSED_FUNCTION = YES;
				GCC_WARN_UNUSED_VARIABLE = YES;
				IPHONEOS_DEPLOYMENT_TARGET = 26.5;
				LOCALIZATION_PREFERS_STRING_CATALOGS = YES;
				MTL_ENABLE_DEBUG_INFO = INCLUDE_SOURCE;
				MTL_FAST_MATH = YES;
				ONLY_ACTIVE_ARCH = YES;
				SDKROOT = iphoneos;
				SWIFT_ACTIVE_COMPILATION_CONDITIONS = "DEBUG $(inherited)";
				SWIFT_EMIT_LOC_STRINGS = YES;
				SWIFT_OPTIMIZATION_LEVEL = "-Onone";
			};
			name = Debug;
		};
		2121E41B3017483700874814 /* Release */ = {
			isa = XCBuildConfiguration;
			buildSettings = {
				ALWAYS_SEARCH_USER_PATHS = NO;
				ASSETCATALOG_COMPILER_GENERATE_SWIFT_ASSET_SYMBOL_EXTENSIONS = YES;
				CLANG_ANALYZER_NONNULL = YES;
				CLANG_ANALYZER_NUMBER_OBJECT_CONVERSION = YES_AGGRESSIVE;
				CLANG_CXX_LANGUAGE_STANDARD = "gnu++20";
				CLANG_ENABLE_MODULES = YES;
				CLANG_ENABLE_OBJC_ARC = YES;
				CLANG_ENABLE_OBJC_WEAK = YES;
				CLANG_WARN_BLOCK_CAPTURE_AUTORELEASING = YES;
				CLANG_WARN_BOOL_CONVERSION = YES;
				CLANG_WARN_COMMA = YES;
				CLANG_WARN_CONSTANT_CONVERSION = YES;
				CLANG_WARN_DEPRECATED_OBJC_IMPLEMENTATIONS = YES;
				CLANG_WARN_DIRECT_OBJC_ISA_USAGE = YES_ERROR;
				CLANG_WARN_DOCUMENTATION_COMMENTS = YES;
				CLANG_WARN_EMPTY_BODY = YES;
				CLANG_WARN_ENUM_CONVERSION = YES;
				CLANG_WARN_INFINITE_RECURSION = YES;
				CLANG_WARN_INT_CONVERSION = YES;
				CLANG_WARN_NON_LITERAL_NULL_CONVERSION = YES;
				CLANG_WARN_OBJC_IMPLICIT_RETAIN_SELF = YES;
				CLANG_WARN_OBJC_LITERAL_CONVERSION = YES;
				CLANG_WARN_OBJC_ROOT_CLASS = YES_ERROR;
				CLANG_WARN_QUOTED_INCLUDE_IN_FRAMEWORK_HEADER = YES;
				CLANG_WARN_RANGE_LOOP_ANALYSIS = YES;
				CLANG_WARN_STRICT_PROTOTYPES = YES;
				CLANG_WARN_SUSPICIOUS_MOVE = YES;
				CLANG_WARN_UNGUARDED_AVAILABILITY = YES_AGGRESSIVE;
				CLANG_WARN_UNREACHABLE_CODE = YES;
				CLANG_WARN__DUPLICATE_METHOD_MATCH = YES;
				COPY_PHASE_STRIP = NO;
				DEBUG_INFORMATION_FORMAT = "dwarf-with-dsym";
				DEVELOPMENT_TEAM = Z56UQ833JW;
				ENABLE_NS_ASSERTIONS = NO;
				ENABLE_STRICT_OBJC_MSGSEND = YES;
				ENABLE_USER_SCRIPT_SANDBOXING = YES;
				GCC_C_LANGUAGE_STANDARD = gnu17;
				GCC_NO_COMMON_BLOCKS = YES;
				GCC_WARN_64_TO_32_BIT_CONVERSION = YES;
				GCC_WARN_ABOUT_RETURN_TYPE = YES_ERROR;
				GCC_WARN_UNDECLARED_SELECTOR = YES;
				GCC_WARN_UNINITIALIZED_AUTOS = YES_AGGRESSIVE;
				GCC_WARN_UNUSED_FUNCTION = YES;
				GCC_WARN_UNUSED_VARIABLE = YES;
				IPHONEOS_DEPLOYMENT_TARGET = 26.5;
				LOCALIZATION_PREFERS_STRING_CATALOGS = YES;
				MTL_ENABLE_DEBUG_INFO = NO;
				MTL_FAST_MATH = YES;
				SDKROOT = iphoneos;
				SWIFT_COMPILATION_MODE = wholemodule;
				SWIFT_EMIT_LOC_STRINGS = YES;
				VALIDATE_PRODUCT = YES;
			};
			name = Release;
		};
		2121E41D3017483700874814 /* Debug */ = {
			isa = XCBuildConfiguration;
			buildSettings = {
				ASSETCATALOG_COMPILER_APPICON_NAME = AppIcon;
				ASSETCATALOG_COMPILER_GLOBAL_ACCENT_COLOR_NAME = AccentColor;
				CODE_SIGN_STYLE = Automatic;
				CURRENT_PROJECT_VERSION = 1;
				DEVELOPMENT_TEAM = Z56UQ833JW;
				ENABLE_PREVIEWS = YES;
				GENERATE_INFOPLIST_FILE = YES;
				INFOPLIST_KEY_UIApplicationSceneManifest_Generation = YES;
				INFOPLIST_KEY_UIApplicationSupportsIndirectInputEvents = YES;
				INFOPLIST_KEY_UILaunchScreen_Generation = YES;
				INFOPLIST_KEY_UISupportedInterfaceOrientations_iPad = "UIInterfaceOrientationPortrait UIInterfaceOrientationPortraitUpsideDown UIInterfaceOrientationLandscapeLeft UIInterfaceOrientationLandscapeRight";
				INFOPLIST_KEY_UISupportedInterfaceOrientations_iPhone = "UIInterfaceOrientationPortrait UIInterfaceOrientationLandscapeLeft UIInterfaceOrientationLandscapeRight";
				IPHONEOS_DEPLOYMENT_TARGET = 17.6;
				LD_RUNPATH_SEARCH_PATHS = (
					"$(inherited)",
					"@executable_path/Frameworks",
				);
				MARKETING_VERSION = 1.0;
				PRODUCT_BUNDLE_IDENTIFIER = com.ZNishad.TodoTasksSync;
				PRODUCT_NAME = "$(TARGET_NAME)";
				STRING_CATALOG_GENERATE_SYMBOLS = YES;
				SUPPORTED_PLATFORMS = "iphoneos iphonesimulator";
				SUPPORTS_MACCATALYST = NO;
				SUPPORTS_MAC_DESIGNED_FOR_IPHONE_IPAD = NO;
				SUPPORTS_XR_DESIGNED_FOR_IPHONE_IPAD = NO;
				SWIFT_APPROACHABLE_CONCURRENCY = YES;
				SWIFT_DEFAULT_ACTOR_ISOLATION = MainActor;
				SWIFT_EMIT_LOC_STRINGS = YES;
				SWIFT_UPCOMING_FEATURE_MEMBER_IMPORT_VISIBILITY = YES;
				SWIFT_VERSION = 5.0;
				TARGETED_DEVICE_FAMILY = 1;
			};
			name = Debug;
		};
		2121E41E3017483700874814 /* Release */ = {
			isa = XCBuildConfiguration;
			buildSettings = {
				ASSETCATALOG_COMPILER_APPICON_NAME = AppIcon;
				ASSETCATALOG_COMPILER_GLOBAL_ACCENT_COLOR_NAME = AccentColor;
				CODE_SIGN_STYLE = Automatic;
				CURRENT_PROJECT_VERSION = 1;
				DEVELOPMENT_TEAM = Z56UQ833JW;
				ENABLE_PREVIEWS = YES;
				GENERATE_INFOPLIST_FILE = YES;
				INFOPLIST_KEY_UIApplicationSceneManifest_Generation = YES;
				INFOPLIST_KEY_UIApplicationSupportsIndirectInputEvents = YES;
				INFOPLIST_KEY_UILaunchScreen_Generation = YES;
				INFOPLIST_KEY_UISupportedInterfaceOrientations_iPad = "UIInterfaceOrientationPortrait UIInterfaceOrientationPortraitUpsideDown UIInterfaceOrientationLandscapeLeft UIInterfaceOrientationLandscapeRight";
				INFOPLIST_KEY_UISupportedInterfaceOrientations_iPhone = "UIInterfaceOrientationPortrait UIInterfaceOrientationLandscapeLeft UIInterfaceOrientationLandscapeRight";
				IPHONEOS_DEPLOYMENT_TARGET = 17.6;
				LD_RUNPATH_SEARCH_PATHS = (
					"$(inherited)",
					"@executable_path/Frameworks",
				);
				MARKETING_VERSION = 1.0;
				PRODUCT_BUNDLE_IDENTIFIER = com.ZNishad.TodoTasksSync;
				PRODUCT_NAME = "$(TARGET_NAME)";
				STRING_CATALOG_GENERATE_SYMBOLS = YES;
				SUPPORTED_PLATFORMS = "iphoneos iphonesimulator";
				SUPPORTS_MACCATALYST = NO;
				SUPPORTS_MAC_DESIGNED_FOR_IPHONE_IPAD = NO;
				SUPPORTS_XR_DESIGNED_FOR_IPHONE_IPAD = NO;
				SWIFT_APPROACHABLE_CONCURRENCY = YES;
				SWIFT_DEFAULT_ACTOR_ISOLATION = MainActor;
				SWIFT_EMIT_LOC_STRINGS = YES;
				SWIFT_UPCOMING_FEATURE_MEMBER_IMPORT_VISIBILITY = YES;
				SWIFT_VERSION = 5.0;
				TARGETED_DEVICE_FAMILY = 1;
			};
			name = Release;
		};
		2121E4203017483700874814 /* Debug */ = {
			isa = XCBuildConfiguration;
			buildSettings = {
				BUNDLE_LOADER = "$(TEST_HOST)";
				CODE_SIGN_STYLE = Automatic;
				CURRENT_PROJECT_VERSION = 1;
				DEVELOPMENT_TEAM = Z56UQ833JW;
				GENERATE_INFOPLIST_FILE = YES;
				IPHONEOS_DEPLOYMENT_TARGET = 26.5;
				MARKETING_VERSION = 1.0;
				PRODUCT_BUNDLE_IDENTIFIER = com.ZNishad.TodoTasksSyncTests;
				PRODUCT_NAME = "$(TARGET_NAME)";
				STRING_CATALOG_GENERATE_SYMBOLS = NO;
				SWIFT_APPROACHABLE_CONCURRENCY = YES;
				SWIFT_EMIT_LOC_STRINGS = NO;
				SWIFT_UPCOMING_FEATURE_MEMBER_IMPORT_VISIBILITY = YES;
				SWIFT_VERSION = 5.0;
				TARGETED_DEVICE_FAMILY = "1,2";
				TEST_HOST = "$(BUILT_PRODUCTS_DIR)/TodoTasksSync.app/$(BUNDLE_EXECUTABLE_FOLDER_PATH)/TodoTasksSync";
			};
			name = Debug;
		};
		2121E4213017483700874814 /* Release */ = {
			isa = XCBuildConfiguration;
			buildSettings = {
				BUNDLE_LOADER = "$(TEST_HOST)";
				CODE_SIGN_STYLE = Automatic;
				CURRENT_PROJECT_VERSION = 1;
				DEVELOPMENT_TEAM = Z56UQ833JW;
				GENERATE_INFOPLIST_FILE = YES;
				IPHONEOS_DEPLOYMENT_TARGET = 26.5;
				MARKETING_VERSION = 1.0;
				PRODUCT_BUNDLE_IDENTIFIER = com.ZNishad.TodoTasksSyncTests;
				PRODUCT_NAME = "$(TARGET_NAME)";
				STRING_CATALOG_GENERATE_SYMBOLS = NO;
				SWIFT_APPROACHABLE_CONCURRENCY = YES;
				SWIFT_EMIT_LOC_STRINGS = NO;
				SWIFT_UPCOMING_FEATURE_MEMBER_IMPORT_VISIBILITY = YES;
				SWIFT_VERSION = 5.0;
				TARGETED_DEVICE_FAMILY = "1,2";
				TEST_HOST = "$(BUILT_PRODUCTS_DIR)/TodoTasksSync.app/$(BUNDLE_EXECUTABLE_FOLDER_PATH)/TodoTasksSync";
			};
			name = Release;
		};
		2121E4233017483700874814 /* Debug */ = {
			isa = XCBuildConfiguration;
			buildSettings = {
				CODE_SIGN_STYLE = Automatic;
				CURRENT_PROJECT_VERSION = 1;
				DEVELOPMENT_TEAM = Z56UQ833JW;
				GENERATE_INFOPLIST_FILE = YES;
				MARKETING_VERSION = 1.0;
				PRODUCT_BUNDLE_IDENTIFIER = com.ZNishad.TodoTasksSyncUITests;
				PRODUCT_NAME = "$(TARGET_NAME)";
				STRING_CATALOG_GENERATE_SYMBOLS = NO;
				SWIFT_APPROACHABLE_CONCURRENCY = YES;
				SWIFT_EMIT_LOC_STRINGS = NO;
				SWIFT_UPCOMING_FEATURE_MEMBER_IMPORT_VISIBILITY = YES;
				SWIFT_VERSION = 5.0;
				TARGETED_DEVICE_FAMILY = "1,2";
				TEST_TARGET_NAME = TodoTasksSync;
			};
			name = Debug;
		};
		2121E4243017483700874814 /* Release */ = {
			isa = XCBuildConfiguration;
			buildSettings = {
				CODE_SIGN_STYLE = Automatic;
				CURRENT_PROJECT_VERSION = 1;
				DEVELOPMENT_TEAM = Z56UQ833JW;
				GENERATE_INFOPLIST_FILE = YES;
				MARKETING_VERSION = 1.0;
				PRODUCT_BUNDLE_IDENTIFIER = com.ZNishad.TodoTasksSyncUITests;
				PRODUCT_NAME = "$(TARGET_NAME)";
				STRING_CATALOG_GENERATE_SYMBOLS = NO;
				SWIFT_APPROACHABLE_CONCURRENCY = YES;
				SWIFT_EMIT_LOC_STRINGS = NO;
				SWIFT_UPCOMING_FEATURE_MEMBER_IMPORT_VISIBILITY = YES;
				SWIFT_VERSION = 5.0;
				TARGETED_DEVICE_FAMILY = "1,2";
				TEST_TARGET_NAME = TodoTasksSync;
			};
			name = Release;
		};
/* End XCBuildConfiguration section */

/* Begin XCConfigurationList section */
		2121E3F63017483600874814 /* Build configuration list for PBXProject "TodoTasksSync" */ = {
			isa = XCConfigurationList;
			buildConfigurations = (
				2121E41A3017483700874814 /* Debug */,
				2121E41B3017483700874814 /* Release */,
			);
			defaultConfigurationIsVisible = 0;
			defaultConfigurationName = Release;
		};
		2121E41C3017483700874814 /* Build configuration list for PBXNativeTarget "TodoTasksSync" */ = {
			isa = XCConfigurationList;
			buildConfigurations = (
				2121E41D3017483700874814 /* Debug */,
				2121E41E3017483700874814 /* Release */,
			);
			defaultConfigurationIsVisible = 0;
			defaultConfigurationName = Release;
		};
		2121E41F3017483700874814 /* Build configuration list for PBXNativeTarget "TodoTasksSyncTests" */ = {
			isa = XCConfigurationList;
			buildConfigurations = (
				2121E4203017483700874814 /* Debug */,
				2121E4213017483700874814 /* Release */,
			);
			defaultConfigurationIsVisible = 0;
			defaultConfigurationName = Release;
		};
		2121E4223017483700874814 /* Build configuration list for PBXNativeTarget "TodoTasksSyncUITests" */ = {
			isa = XCConfigurationList;
			buildConfigurations = (
				2121E4233017483700874814 /* Debug */,
				2121E4243017483700874814 /* Release */,
			);
			defaultConfigurationIsVisible = 0;
			defaultConfigurationName = Release;
		};
/* End XCConfigurationList section */

/* Begin XCRemoteSwiftPackageReference section */
		2121E43330176D6C00874814 /* XCRemoteSwiftPackageReference "firebase-ios-sdk" */ = {
			isa = XCRemoteSwiftPackageReference;
			repositoryURL = "https://github.com/firebase/firebase-ios-sdk";
			requirement = {
				kind = upToNextMajorVersion;
				minimumVersion = 12.16.0;
			};
		};
/* End XCRemoteSwiftPackageReference section */

/* Begin XCSwiftPackageProductDependency section */
		2121E43430176D6C00874814 /* FirebaseAuth */ = {
			isa = XCSwiftPackageProductDependency;
			package = 2121E43330176D6C00874814 /* XCRemoteSwiftPackageReference "firebase-ios-sdk" */;
			productName = FirebaseAuth;
		};
		2121E43630176D6C00874814 /* FirebaseFirestore */ = {
			isa = XCSwiftPackageProductDependency;
			package = 2121E43330176D6C00874814 /* XCRemoteSwiftPackageReference "firebase-ios-sdk" */;
			productName = FirebaseFirestore;
		};
/* End XCSwiftPackageProductDependency section */
	};
	rootObject = 2121E3F33017483600874814 /* Project object */;
}
